
Microsoft Visual Studio Solution File, Format Version 12.00
# Visual Studio Version 17
VisualStudioVersion = 17.10.35027.167
MinimumVisualStudioVersion = 10.0.40219.1
Project("{9A19103F-16F7-4668-BE54-9A1E7A4F7556}") = "StockManagement", "StockManagement\StockManagement.csproj", "{103844B7-CDB8-47C0-A612-590BD8141C7D}"
EndProject
Project("{9A19103F-16F7-4668-BE54-9A1E7A4F7556}") = "StockManagement.Data", "StockManagement.Data\StockManagement.Data.csproj", "{7A3E6977-2D19-4BF1-8DFC-2057AF38856A}"
EndProject
Project("{9A19103F-16F7-4668-BE54-9A1E7A4F7556}") = "StockManagement.API.Data", "StockManagement.API.Data\StockManagement.API.Data.csproj", "{97756406-D469-4A0B-B009-E39E601FDDDA}"
EndProject
Global
	GlobalSection(SolutionConfigurationPlatforms) = preSolution
		Debug|Any CPU = Debug|Any CPU
		Release|Any CPU = Release|Any CPU
	EndGlobalSection
	GlobalSection(ProjectConfigurationPlatforms) = postSolution
		{103844B7-CDB8-47C0-A612-590BD8141C7D}.Debug|Any CPU.ActiveCfg = Debug|Any CPU
		{103844B7-CDB8-47C0-A612-590BD8141C7D}.Debug|Any CPU.Build.0 = Debug|Any CPU
		{103844B7-CDB8-47C0-A612-590BD8141C7D}.Release|Any CPU.ActiveCfg = Release|Any CPU
		{103844B7-CDB8-47C0-A612-590BD8141C7D}.Release|Any CPU.Build.0 = Release|Any CPU
		{7A3E6977-2D19-4BF1-8DFC-2057AF38856A}.Debug|Any CPU.ActiveCfg = Debug|Any CPU
		{7A3E6977-2D19-4BF1-8DFC-2057AF38856A}.Debug|Any CPU.Build.0 = Debug|Any CPU
		{7A3E6977-2D19-4BF1-8DFC-2057AF38856A}.Release|Any CPU.ActiveCfg = Release|Any CPU
		{7A3E6977-2D19-4BF1-8DFC-2057AF38856A}.Release|Any CPU.Build.0 = Release|Any CPU
		{97756406-D469-4A0B-B009-E39E601FDDDA}.Debug|Any CPU.ActiveCfg = Debug|Any CPU
		{97756406-D469-4A0B-B009-E39E601FDDDA}.Debug|Any CPU.Build.0 = Debug|Any CPU
		{97756406-D469-4A0B-B009-E39E601FDDDA}.Release|Any CPU.ActiveCfg = Release|Any CPU
		{97756406-D469-4A0B-B009-E39E601FDDDA}.Release|Any CPU.Build.0 = Release|Any CPU
	EndGlobalSection
	GlobalSection(SolutionProperties) = preSolution
		HideSolutionNode = FALSE
	EndGlobalSection
	GlobalSection(ExtensibilityGlobals) = postSolution
		SolutionGuid = {0C1FA67D-C7F9-4938-86A9-316921F3F38B}
	EndGlobalSection
EndGlobal
